PODS:
  - FlickrKit (1.0.7)
  - Flurry-iOS-SDK/FlurryAds (7.5.2):
    - Flurry-iOS-SDK/FlurrySDK
  - Flurry-iOS-SDK/FlurrySDK (7.5.2)
  - Flurry-iOS-SDK/TumblrAPI (7.5.2):
    - Flurry-iOS-SDK/FlurryAds
    - Flurry-iOS-SDK/FlurrySDK
  - FlurryLaunchOrigin (0.0.1):
    - FlurryLaunchOrigin/FullSDK (= 0.0.1)
  - FlurryLaunchOrigin/FullSDK (0.0.1)

DEPENDENCIES:
  - FlickrKit
  - Flurry-iOS-SDK/FlurryAds
  - Flurry-iOS-SDK/FlurrySDK
  - Flurry-iOS-SDK/TumblrAPI
  - FlurryLaunchOrigin

SPEC CHECKSUMS:
  FlickrKit: 907da468d679233a27d66dd88c6dcd024074b0f0
  Flurry-iOS-SDK: 8c87c4eab6008184ad9f63afabd79ec0d109c82e
  FlurryLaunchOrigin: 29abe6b6ccfe55d8c7fd57e869368685a7447fff

COCOAPODS: 0.39.0
